// !$*UTF8*$!
{
	archiveVersion = 1;
	classes = {
	};
	objectVersion = 56;
	objects = {

/* Begin PBXBuildFile section */
		7F0231F82BED3D6300212FDF /* HealthMetric.swift in Sources */ = {isa = PBXBuildFile; fileRef = 7F0231F72BED3D6300212FDF /* HealthMetric.swift */; };
		7F16A4832BF65147001EFE32 /* WeightLineChart.swift in Sources */ = {isa = PBXBuildFile; fileRef = 7F16A4822BF65147001EFE32 /* WeightLineChart.swift */; };
		7F16A4862BF70656001EFE32 /* MockData.swift in Sources */ = {isa = PBXBuildFile; fileRef = 7F16A4852BF70656001EFE32 /* MockData.swift */; };
		7F1A73592C2386AC00A2859D /* ChartEmptyView.swift in Sources */ = {isa = PBXBuildFile; fileRef = 7F1A73582C2386AC00A2859D /* ChartEmptyView.swift */; };
		7F3510742BDF4E5300250F7C /* Step_TrackerApp.swift in Sources */ = {isa = PBXBuildFile; fileRef = 7F3510732BDF4E5300250F7C /* Step_TrackerApp.swift */; };
		7F3510762BDF4E5300250F7C /* DashboardView.swift in Sources */ = {isa = PBXBuildFile; fileRef = 7F3510752BDF4E5300250F7C /* DashboardView.swift */; };
		7F3510782BDF4E5300250F7C /* Assets.xcassets in Resources */ = {isa = PBXBuildFile; fileRef = 7F3510772BDF4E5300250F7C /* Assets.xcassets */; };
		7F35107B2BDF4E5300250F7C /* Preview Assets.xcassets in Resources */ = {isa = PBXBuildFile; fileRef = 7F35107A2BDF4E5300250F7C /* Preview Assets.xcassets */; };
		7F3BB2282BEFF40200EE5BA7 /* StepBarChart.swift in Sources */ = {isa = PBXBuildFile; fileRef = 7F3BB2272BEFF40200EE5BA7 /* StepBarChart.swift */; };
		7F3BB2302BF026B300EE5BA7 /* ChartDataTypes.swift in Sources */ = {isa = PBXBuildFile; fileRef = 7F3BB22F2BF026B300EE5BA7 /* ChartDataTypes.swift */; };
		7F3BB2332BF027AA00EE5BA7 /* Date+Ext.swift in Sources */ = {isa = PBXBuildFile; fileRef = 7F3BB2322BF027AA00EE5BA7 /* Date+Ext.swift */; };
		7F3BB2362BF02AB000EE5BA7 /* Algorithms in Frameworks */ = {isa = PBXBuildFile; productRef = 7F3BB2352BF02AB000EE5BA7 /* Algorithms */; };
		7F3BB2382BF05F8A00EE5BA7 /* StepPieChart.swift in Sources */ = {isa = PBXBuildFile; fileRef = 7F3BB2372BF05F8A00EE5BA7 /* StepPieChart.swift */; };
		7F63A5002C37147F0021503F /* ChartContainer.swift in Sources */ = {isa = PBXBuildFile; fileRef = 7F63A4FF2C37147F0021503F /* ChartContainer.swift */; };
		7F7C7DDD2BE1E4F6002B992A /* HealthDataListView.swift in Sources */ = {isa = PBXBuildFile; fileRef = 7F7C7DDC2BE1E4F6002B992A /* HealthDataListView.swift */; };
		7F7CA4D62C387FC300DE9770 /* ChartHelper.swift in Sources */ = {isa = PBXBuildFile; fileRef = 7F7CA4D52C387FC300DE9770 /* ChartHelper.swift */; };
		7F7CA4D82C38831800DE9770 /* ChartAnnotationView.swift in Sources */ = {isa = PBXBuildFile; fileRef = 7F7CA4D72C38831800DE9770 /* ChartAnnotationView.swift */; };
		7F8F8CF32C3DDB01007EC335 /* Array+Ext.swift in Sources */ = {isa = PBXBuildFile; fileRef = 7F8F8CF22C3DDB01007EC335 /* Array+Ext.swift */; };
		7F97E12A2CCD7C0C00A3CA4B /* ExportType.swift in Sources */ = {isa = PBXBuildFile; fileRef = 7F97E1292CCD7C0C00A3CA4B /* ExportType.swift */; };
		7F9B6D162BE9D81B006BB204 /* HealthKitManager.swift in Sources */ = {isa = PBXBuildFile; fileRef = 7F9B6D152BE9D81B006BB204 /* HealthKitManager.swift */; };
		7FC073702C03DF400087AD7B /* WeightDiffBarChart.swift in Sources */ = {isa = PBXBuildFile; fileRef = 7FC0736F2C03DF400087AD7B /* WeightDiffBarChart.swift */; };
		7FD818F12BE8885E006ED760 /* HealthKitPermissionPrimingView.swift in Sources */ = {isa = PBXBuildFile; fileRef = 7FD818F02BE8885E006ED760 /* HealthKitPermissionPrimingView.swift */; };
		7FF4B8FB2C3C8FAC001A5738 /* STError.swift in Sources */ = {isa = PBXBuildFile; fileRef = 7FF4B8FA2C3C8FAC001A5738 /* STError.swift */; };
/* End PBXBuildFile section */

/* Begin PBXFileReference section */
		7F0231F72BED3D6300212FDF /* HealthMetric.swift */ = {isa = PBXFileReference; lastKnownFileType = sourcecode.swift; path = HealthMetric.swift; sourceTree = "<group>"; };
		7F16A4822BF65147001EFE32 /* WeightLineChart.swift */ = {isa = PBXFileReference; lastKnownFileType = sourcecode.swift; path = WeightLineChart.swift; sourceTree = "<group>"; };
		7F16A4852BF70656001EFE32 /* MockData.swift */ = {isa = PBXFileReference; lastKnownFileType = sourcecode.swift; path = MockData.swift; sourceTree = "<group>"; };
		7F1A73582C2386AC00A2859D /* ChartEmptyView.swift */ = {isa = PBXFileReference; lastKnownFileType = sourcecode.swift; path = ChartEmptyView.swift; sourceTree = "<group>"; };
		7F3510702BDF4E5300250F7C /* Step Tracker.app */ = {isa = PBXFileReference; explicitFileType = wrapper.application; includeInIndex = 0; path = "Step Tracker.app"; sourceTree = BUILT_PRODUCTS_DIR; };
		7F3510732BDF4E5300250F7C /* Step_TrackerApp.swift */ = {isa = PBXFileReference; lastKnownFileType = sourcecode.swift; path = Step_TrackerApp.swift; sourceTree = "<group>"; };
		7F3510752BDF4E5300250F7C /* DashboardView.swift */ = {isa = PBXFileReference; lastKnownFileType = sourcecode.swift; path = DashboardView.swift; sourceTree = "<group>"; };
		7F3510772BDF4E5300250F7C /* Assets.xcassets */ = {isa = PBXFileReference; lastKnownFileType = folder.assetcatalog; path = Assets.xcassets; sourceTree = "<group>"; };
		7F35107A2BDF4E5300250F7C /* Preview Assets.xcassets */ = {isa = PBXFileReference; lastKnownFileType = folder.assetcatalog; path = "Preview Assets.xcassets"; sourceTree = "<group>"; };
		7F3BB2272BEFF40200EE5BA7 /* StepBarChart.swift */ = {isa = PBXFileReference; lastKnownFileType = sourcecode.swift; path = StepBarChart.swift; sourceTree = "<group>"; };
		7F3BB22F2BF026B300EE5BA7 /* ChartDataTypes.swift */ = {isa = PBXFileReference; lastKnownFileType = sourcecode.swift; path = ChartDataTypes.swift; sourceTree = "<group>"; };
		7F3BB2322BF027AA00EE5BA7 /* Date+Ext.swift */ = {isa = PBXFileReference; lastKnownFileType = sourcecode.swift; path = "Date+Ext.swift"; sourceTree = "<group>"; };
		7F3BB2372BF05F8A00EE5BA7 /* StepPieChart.swift */ = {isa = PBXFileReference; lastKnownFileType = sourcecode.swift; path = StepPieChart.swift; sourceTree = "<group>"; };
		7F63A4FF2C37147F0021503F /* ChartContainer.swift */ = {isa = PBXFileReference; lastKnownFileType = sourcecode.swift; path = ChartContainer.swift; sourceTree = "<group>"; };
		7F7C7DDC2BE1E4F6002B992A /* HealthDataListView.swift */ = {isa = PBXFileReference; lastKnownFileType = sourcecode.swift; path = "Health\U0010DataListView.swift"; sourceTree = "<group>"; };
		7F7CA4D52C387FC300DE9770 /* ChartHelper.swift */ = {isa = PBXFileReference; lastKnownFileType = sourcecode.swift; path = ChartHelper.swift; sourceTree = "<group>"; };
		7F7CA4D72C38831800DE9770 /* ChartAnnotationView.swift */ = {isa = PBXFileReference; lastKnownFileType = sourcecode.swift; path = ChartAnnotationView.swift; sourceTree = "<group>"; };
		7F8F8CF22C3DDB01007EC335 /* Array+Ext.swift */ = {isa = PBXFileReference; lastKnownFileType = sourcecode.swift; path = "Array+Ext.swift"; sourceTree = "<group>"; };
		7F97E1292CCD7C0C00A3CA4B /* ExportType.swift */ = {isa = PBXFileReference; lastKnownFileType = sourcecode.swift; path = ExportType.swift; sourceTree = "<group>"; };
		7F9B6D142BE9D5E1006BB204 /* Step Tracker.entitlements */ = {isa = PBXFileReference; lastKnownFileType = text.plist.entitlements; path = "Step Tracker.entitlements"; sourceTree = "<group>"; };
		7F9B6D152BE9D81B006BB204 /* HealthKitManager.swift */ = {isa = PBXFileReference; lastKnownFileType = sourcecode.swift; path = HealthKitManager.swift; sourceTree = "<group>"; };
		7FC0736F2C03DF400087AD7B /* WeightDiffBarChart.swift */ = {isa = PBXFileReference; lastKnownFileType = sourcecode.swift; path = WeightDiffBarChart.swift; sourceTree = "<group>"; };
		7FD818F02BE8885E006ED760 /* HealthKitPermissionPrimingView.swift */ = {isa = PBXFileReference; lastKnownFileType = sourcecode.swift; path = HealthKitPermissionPrimingView.swift; sourceTree = "<group>"; };
		7FF4B8FA2C3C8FAC001A5738 /* STError.swift */ = {isa = PBXFileReference; lastKnownFileType = sourcecode.swift; path = STError.swift; sourceTree = "<group>"; };
/* End PBXFileReference section */

/* Begin PBXFrameworksBuildPhase section */
		7F35106D2BDF4E5200250F7C /* Frameworks */ = {
			isa = PBXFrameworksBuildPhase;
			buildActionMask = 2147483647;
			files = (
				7F3BB2362BF02AB000EE5BA7 /* Algorithms in Frameworks */,
			);
			runOnlyForDeploymentPostprocessing = 0;
		};
/* End PBXFrameworksBuildPhase section */

/* Begin PBXGroup section */
		7F16A4842BF705E9001EFE32 /* Utilities */ = {
			isa = PBXGroup;
			children = (
				7F3BB2312BF0278500EE5BA7 /* Extensions */,
				7F16A4852BF70656001EFE32 /* MockData.swift */,
				7FF4B8FA2C3C8FAC001A5738 /* STError.swift */,
			);
			path = Utilities;
			sourceTree = "<group>";
		};
		7F3510672BDF4E5200250F7C = {
			isa = PBXGroup;
			children = (
				7F3510722BDF4E5300250F7C /* Step Tracker */,
				7F3510712BDF4E5300250F7C /* Products */,
			);
			sourceTree = "<group>";
		};
		7F3510712BDF4E5300250F7C /* Products */ = {
			isa = PBXGroup;
			children = (
				7F3510702BDF4E5300250F7C /* Step Tracker.app */,
			);
			name = Products;
			sourceTree = "<group>";
		};
		7F3510722BDF4E5300250F7C /* Step Tracker */ = {
			isa = PBXGroup;
			children = (
				7F9B6D142BE9D5E1006BB204 /* Step Tracker.entitlements */,
				7F3510732BDF4E5300250F7C /* Step_TrackerApp.swift */,
				7F16A4842BF705E9001EFE32 /* Utilities */,
				7F3BB22C2BEFF77600EE5BA7 /* Managers */,
				7F3BB22B2BEFF76E00EE5BA7 /* Models */,
				7F3BB22A2BEFF72500EE5BA7 /* Charts */,
				7F3BB2292BEFF70B00EE5BA7 /* Screens */,
				7F3510772BDF4E5300250F7C /* Assets.xcassets */,
				7F3510792BDF4E5300250F7C /* Preview Content */,
			);
			path = "Step Tracker";
			sourceTree = "<group>";
		};
		7F3510792BDF4E5300250F7C /* Preview Content */ = {
			isa = PBXGroup;
			children = (
				7F35107A2BDF4E5300250F7C /* Preview Assets.xcassets */,
			);
			path = "Preview Content";
			sourceTree = "<group>";
		};
		7F3BB2292BEFF70B00EE5BA7 /* Screens */ = {
			isa = PBXGroup;
			children = (
				7F3510752BDF4E5300250F7C /* DashboardView.swift */,
				7FD818F02BE8885E006ED760 /* HealthKitPermissionPrimingView.swift */,
				7F7C7DDC2BE1E4F6002B992A /* HealthDataListView.swift */,
			);
			path = Screens;
			sourceTree = "<group>";
		};
		7F3BB22A2BEFF72500EE5BA7 /* Charts */ = {
			isa = PBXGroup;
			children = (
				7F8F8CF42C3DDFD3007EC335 /* Chart Views */,
				7F8F8CF62C3DDFF5007EC335 /* Chart Custom Views */,
				7F8F8CF52C3DDFE6007EC335 /* Chart Utilities */,
			);
			path = Charts;
			sourceTree = "<group>";
		};
		7F3BB22B2BEFF76E00EE5BA7 /* Models */ = {
			isa = PBXGroup;
			children = (
				7F97E1292CCD7C0C00A3CA4B /* ExportType.swift */,
				7F0231F72BED3D6300212FDF /* HealthMetric.swift */,
			);
			path = Models;
			sourceTree = "<group>";
		};
		7F3BB22C2BEFF77600EE5BA7 /* Managers */ = {
			isa = PBXGroup;
			children = (
				7F9B6D152BE9D81B006BB204 /* HealthKitManager.swift */,
			);
			path = Managers;
			sourceTree = "<group>";
		};
		7F3BB2312BF0278500EE5BA7 /* Extensions */ = {
			isa = PBXGroup;
			children = (
				7F3BB2322BF027AA00EE5BA7 /* Date+Ext.swift */,
				7F8F8CF22C3DDB01007EC335 /* Array+Ext.swift */,
			);
			path = Extensions;
			sourceTree = "<group>";
		};
		7F8F8CF42C3DDFD3007EC335 /* Chart Views */ = {
			isa = PBXGroup;
			children = (
				7F3BB2372BF05F8A00EE5BA7 /* StepPieChart.swift */,
				7F16A4822BF65147001EFE32 /* WeightLineChart.swift */,
				7F3BB2272BEFF40200EE5BA7 /* StepBarChart.swift */,
				7FC0736F2C03DF400087AD7B /* WeightDiffBarChart.swift */,
			);
			path = "Chart Views";
			sourceTree = "<group>";
		};
		7F8F8CF52C3DDFE6007EC335 /* Chart Utilities */ = {
			isa = PBXGroup;
			children = (
				7F3BB22F2BF026B300EE5BA7 /* ChartDataTypes.swift */,
				7F7CA4D52C387FC300DE9770 /* ChartHelper.swift */,
			);
			path = "Chart Utilities";
			sourceTree = "<group>";
		};
		7F8F8CF62C3DDFF5007EC335 /* Chart Custom Views */ = {
			isa = PBXGroup;
			children = (
				7F1A73582C2386AC00A2859D /* ChartEmptyView.swift */,
				7F7CA4D72C38831800DE9770 /* ChartAnnotationView.swift */,
				7F63A4FF2C37147F0021503F /* ChartContainer.swift */,
			);
			path = "Chart Custom Views";
			sourceTree = "<group>";
		};
/* End PBXGroup section */

/* Begin PBXNativeTarget section */
		7F35106F2BDF4E5200250F7C /* Step Tracker */ = {
			isa = PBXNativeTarget;
			buildConfigurationList = 7F35107E2BDF4E5300250F7C /* Build configuration list for PBXNativeTarget "Step Tracker" */;
			buildPhases = (
				7F35106C2BDF4E5200250F7C /* Sources */,
				7F35106D2BDF4E5200250F7C /* Frameworks */,
				7F35106E2BDF4E5200250F7C /* Resources */,
			);
			buildRules = (
			);
			dependencies = (
			);
			name = "Step Tracker";
			packageProductDependencies = (
				7F3BB2352BF02AB000EE5BA7 /* Algorithms */,
			);
			productName = "Step Tracker";
			productReference = 7F3510702BDF4E5300250F7C /* Step Tracker.app */;
			productType = "com.apple.product-type.application";
		};
/* End PBXNativeTarget section */

/* Begin PBXProject section */
		7F3510682BDF4E5200250F7C /* Project object */ = {
			isa = PBXProject;
			attributes = {
				BuildIndependentTargetsInParallel = 1;
				LastSwiftUpdateCheck = 1530;
				LastUpgradeCheck = 1530;
				TargetAttributes = {
					7F35106F2BDF4E5200250F7C = {
						CreatedOnToolsVersion = 15.3;
					};
				};
			};
			buildConfigurationList = 7F35106B2BDF4E5200250F7C /* Build configuration list for PBXProject "Step Tracker" */;
			compatibilityVersion = "Xcode 14.0";
			developmentRegion = en;
			hasScannedForEncodings = 0;
			knownRegions = (
				en,
				Base,
			);
			mainGroup = 7F3510672BDF4E5200250F7C;
			packageReferences = (
				7F3BB2342BF02AB000EE5BA7 /* XCRemoteSwiftPackageReference "swift-algorithms" */,
			);
			productRefGroup = 7F3510712BDF4E5300250F7C /* Products */;
			projectDirPath = "";
			projectRoot = "";
			targets = (
				7F35106F2BDF4E5200250F7C /* Step Tracker */,
			);
		};
/* End PBXProject section */

/* Begin PBXResourcesBuildPhase section */
		7F35106E2BDF4E5200250F7C /* Resources */ = {
			isa = PBXResourcesBuildPhase;
			buildActionMask = 2147483647;
			files = (
				7F35107B2BDF4E5300250F7C /* Preview Assets.xcassets in Resources */,
				7F3510782BDF4E5300250F7C /* Assets.xcassets in Resources */,
			);
			runOnlyForDeploymentPostprocessing = 0;
		};
/* End PBXResourcesBuildPhase section */

/* Begin PBXSourcesBuildPhase section */
		7F35106C2BDF4E5200250F7C /* Sources */ = {
			isa = PBXSourcesBuildPhase;
			buildActionMask = 2147483647;
			files = (
				7F7C7DDD2BE1E4F6002B992A /* HealthDataListView.swift in Sources */,
				7FC073702C03DF400087AD7B /* WeightDiffBarChart.swift in Sources */,
				7F3510762BDF4E5300250F7C /* DashboardView.swift in Sources */,
				7F3BB2282BEFF40200EE5BA7 /* StepBarChart.swift in Sources */,
				7F7CA4D82C38831800DE9770 /* ChartAnnotationView.swift in Sources */,
				7F63A5002C37147F0021503F /* ChartContainer.swift in Sources */,
				7F16A4862BF70656001EFE32 /* MockData.swift in Sources */,
				7F1A73592C2386AC00A2859D /* ChartEmptyView.swift in Sources */,
				7F97E12A2CCD7C0C00A3CA4B /* ExportType.swift in Sources */,
				7F3510742BDF4E5300250F7C /* Step_TrackerApp.swift in Sources */,
				7FF4B8FB2C3C8FAC001A5738 /* STError.swift in Sources */,
				7F9B6D162BE9D81B006BB204 /* HealthKitManager.swift in Sources */,
				7FD818F12BE8885E006ED760 /* HealthKitPermissionPrimingView.swift in Sources */,
				7F7CA4D62C387FC300DE9770 /* ChartHelper.swift in Sources */,
				7F0231F82BED3D6300212FDF /* HealthMetric.swift in Sources */,
				7F3BB2302BF026B300EE5BA7 /* ChartDataTypes.swift in Sources */,
				7F3BB2382BF05F8A00EE5BA7 /* StepPieChart.swift in Sources */,
				7F8F8CF32C3DDB01007EC335 /* Array+Ext.swift in Sources */,
				7F16A4832BF65147001EFE32 /* WeightLineChart.swift in Sources */,
				7F3BB2332BF027AA00EE5BA7 /* Date+Ext.swift in Sources */,
			);
			runOnlyForDeploymentPostprocessing = 0;
		};
/* End PBXSourcesBuildPhase section */

/* Begin XCBuildConfiguration section */
		7F35107C2BDF4E5300250F7C /* Debug */ = {
			isa = XCBuildConfiguration;
			buildSettings = {
				ALWAYS_SEARCH_USER_PATHS = NO;
				ASSETCATALOG_COMPILER_GENERATE_SWIFT_ASSET_SYMBOL_EXTENSIONS = YES;
				CLANG_ANALYZER_NONNULL = YES;
				CLANG_ANALYZER_NUMBER_OBJECT_CONVERSION = YES_AGGRESSIVE;
				CLANG_CXX_LANGUAGE_STANDARD = "gnu++20";
				CLANG_ENABLE_MODULES = YES;
				CLANG_ENABLE_OBJC_ARC = YES;
				CLANG_ENABLE_OBJC_WEAK = YES;
				CLANG_WARN_BLOCK_CAPTURE_AUTORELEASING = YES;
				CLANG_WARN_BOOL_CONVERSION = YES;
				CLANG_WARN_COMMA = YES;
				CLANG_WARN_CONSTANT_CONVERSION = YES;
				CLANG_WARN_DEPRECATED_OBJC_IMPLEMENTATIONS = YES;
				CLANG_WARN_DIRECT_OBJC_ISA_USAGE = YES_ERROR;
				CLANG_WARN_DOCUMENTATION_COMMENTS = YES;
				CLANG_WARN_EMPTY_BODY = YES;
				CLANG_WARN_ENUM_CONVERSION = YES;
				CLANG_WARN_INFINITE_RECURSION = YES;
				CLANG_WARN_INT_CONVERSION = YES;
				CLANG_WARN_NON_LITERAL_NULL_CONVERSION = YES;
				CLANG_WARN_OBJC_IMPLICIT_RETAIN_SELF = YES;
				CLANG_WARN_OBJC_LITERAL_CONVERSION = YES;
				CLANG_WARN_OBJC_ROOT_CLASS = YES_ERROR;
				CLANG_WARN_QUOTED_INCLUDE_IN_FRAMEWORK_HEADER = YES;
				CLANG_WARN_RANGE_LOOP_ANALYSIS = YES;
				CLANG_WARN_STRICT_PROTOTYPES = YES;
				CLANG_WARN_SUSPICIOUS_MOVE = YES;
				CLANG_WARN_UNGUARDED_AVAILABILITY = YES_AGGRESSIVE;
				CLANG_WARN_UNREACHABLE_CODE = YES;
				CLANG_WARN__DUPLICATE_METHOD_MATCH = YES;
				COPY_PHASE_STRIP = NO;
				DEBUG_INFORMATION_FORMAT = dwarf;
				ENABLE_STRICT_OBJC_MSGSEND = YES;
				ENABLE_TESTABILITY = YES;
				ENABLE_USER_SCRIPT_SANDBOXING = YES;
				GCC_C_LANGUAGE_STANDARD = gnu17;
				GCC_DYNAMIC_NO_PIC = NO;
				GCC_NO_COMMON_BLOCKS = YES;
				GCC_OPTIMIZATION_LEVEL = 0;
				GCC_PREPROCESSOR_DEFINITIONS = (
					"DEBUG=1",
					"$(inherited)",
				);
				GCC_WARN_64_TO_32_BIT_CONVERSION = YES;
				GCC_WARN_ABOUT_RETURN_TYPE = YES_ERROR;
				GCC_WARN_UNDECLARED_SELECTOR = YES;
				GCC_WARN_UNINITIALIZED_AUTOS = YES_AGGRESSIVE;
				GCC_WARN_UNUSED_FUNCTION = YES;
				GCC_WARN_UNUSED_VARIABLE = YES;
				IPHONEOS_DEPLOYMENT_TARGET = 17.4;
				LOCALIZATION_PREFERS_STRING_CATALOGS = YES;
				MTL_ENABLE_DEBUG_INFO = INCLUDE_SOURCE;
				MTL_FAST_MATH = YES;
				ONLY_ACTIVE_ARCH = YES;
				SDKROOT = iphoneos;
				SWIFT_ACTIVE_COMPILATION_CONDITIONS = "DEBUG $(inherited)";
				SWIFT_OPTIMIZATION_LEVEL = "-Onone";
			};
			name = Debug;
		};
		7F35107D2BDF4E5300250F7C /* Release */ = {
			isa = XCBuildConfiguration;
			buildSettings = {
				ALWAYS_SEARCH_USER_PATHS = NO;
				ASSETCATALOG_COMPILER_GENERATE_SWIFT_ASSET_SYMBOL_EXTENSIONS = YES;
				CLANG_ANALYZER_NONNULL = YES;
				CLANG_ANALYZER_NUMBER_OBJECT_CONVERSION = YES_AGGRESSIVE;
				CLANG_CXX_LANGUAGE_STANDARD = "gnu++20";
				CLANG_ENABLE_MODULES = YES;
				CLANG_ENABLE_OBJC_ARC = YES;
				CLANG_ENABLE_OBJC_WEAK = YES;
				CLANG_WARN_BLOCK_CAPTURE_AUTORELEASING = YES;
				CLANG_WARN_BOOL_CONVERSION = YES;
				CLANG_WARN_COMMA = YES;
				CLANG_WARN_CONSTANT_CONVERSION = YES;
				CLANG_WARN_DEPRECATED_OBJC_IMPLEMENTATIONS = YES;
				CLANG_WARN_DIRECT_OBJC_ISA_USAGE = YES_ERROR;
				CLANG_WARN_DOCUMENTATION_COMMENTS = YES;
				CLANG_WARN_EMPTY_BODY = YES;
				CLANG_WARN_ENUM_CONVERSION = YES;
				CLANG_WARN_INFINITE_RECURSION = YES;
				CLANG_WARN_INT_CONVERSION = YES;
				CLANG_WARN_NON_LITERAL_NULL_CONVERSION = YES;
				CLANG_WARN_OBJC_IMPLICIT_RETAIN_SELF = YES;
				CLANG_WARN_OBJC_LITERAL_CONVERSION = YES;
				CLANG_WARN_OBJC_ROOT_CLASS = YES_ERROR;
				CLANG_WARN_QUOTED_INCLUDE_IN_FRAMEWORK_HEADER = YES;
				CLANG_WARN_RANGE_LOOP_ANALYSIS = YES;
				CLANG_WARN_STRICT_PROTOTYPES = YES;
				CLANG_WARN_SUSPICIOUS_MOVE = YES;
				CLANG_WARN_UNGUARDED_AVAILABILITY = YES_AGGRESSIVE;
				CLANG_WARN_UNREACHABLE_CODE = YES;
				CLANG_WARN__DUPLICATE_METHOD_MATCH = YES;
				COPY_PHASE_STRIP = NO;
				DEBUG_INFORMATION_FORMAT = "dwarf-with-dsym";
				ENABLE_NS_ASSERTIONS = NO;
				ENABLE_STRICT_OBJC_MSGSEND = YES;
				ENABLE_USER_SCRIPT_SANDBOXING = YES;
				GCC_C_LANGUAGE_STANDARD = gnu17;
				GCC_NO_COMMON_BLOCKS = YES;
				GCC_WARN_64_TO_32_BIT_CONVERSION = YES;
				GCC_WARN_ABOUT_RETURN_TYPE = YES_ERROR;
				GCC_WARN_UNDECLARED_SELECTOR = YES;
				GCC_WARN_UNINITIALIZED_AUTOS = YES_AGGRESSIVE;
				GCC_WARN_UNUSED_FUNCTION = YES;
				GCC_WARN_UNUSED_VARIABLE = YES;
				IPHONEOS_DEPLOYMENT_TARGET = 17.4;
				LOCALIZATION_PREFERS_STRING_CATALOGS = YES;
				MTL_ENABLE_DEBUG_INFO = NO;
				MTL_FAST_MATH = YES;
				SDKROOT = iphoneos;
				SWIFT_COMPILATION_MODE = wholemodule;
				VALIDATE_PRODUCT = YES;
			};
			name = Release;
		};
		7F35107F2BDF4E5300250F7C /* Debug */ = {
			isa = XCBuildConfiguration;
			buildSettings = {
				ASSETCATALOG_COMPILER_APPICON_NAME = AppIcon;
				ASSETCATALOG_COMPILER_GLOBAL_ACCENT_COLOR_NAME = AccentColor;
				CODE_SIGN_ENTITLEMENTS = "Step Tracker/Step Tracker.entitlements";
				CODE_SIGN_STYLE = Automatic;
				CURRENT_PROJECT_VERSION = 1;
				DEVELOPMENT_ASSET_PATHS = "\"Step Tracker/Preview Content\"";
				DEVELOPMENT_TEAM = KZ5KPDJ22P;
				ENABLE_PREVIEWS = YES;
				GENERATE_INFOPLIST_FILE = YES;
				INFOPLIST_KEY_NSHealthShareUsageDescription = "The app shows your step and weight data in an interactive chart.";
				INFOPLIST_KEY_NSHealthUpdateUsageDescription = "The app allows you to add step and weight data to Apple Health.";
				INFOPLIST_KEY_UIApplicationSceneManifest_Generation = YES;
				INFOPLIST_KEY_UIApplicationSupportsIndirectInputEvents = YES;
				INFOPLIST_KEY_UILaunchScreen_Generation = YES;
				INFOPLIST_KEY_UISupportedInterfaceOrientations_iPad = "UIInterfaceOrientationPortrait UIInterfaceOrientationPortraitUpsideDown UIInterfaceOrientationLandscapeLeft UIInterfaceOrientationLandscapeRight";
				INFOPLIST_KEY_UISupportedInterfaceOrientations_iPhone = "UIInterfaceOrientationPortrait UIInterfaceOrientationLandscapeLeft UIInterfaceOrientationLandscapeRight";
				LD_RUNPATH_SEARCH_PATHS = (
					"$(inherited)",
					"@executable_path/Frameworks",
				);
				MARKETING_VERSION = 1.0.0;
				PRODUCT_BUNDLE_IDENTIFIER = "com.rramirez.tutorial.StepTracker.Step-Tracker";
				PRODUCT_NAME = "$(TARGET_NAME)";
				SWIFT_EMIT_LOC_STRINGS = YES;
				SWIFT_VERSION = 5.0;
				TARGETED_DEVICE_FAMILY = "1,2";
			};
			name = Debug;
		};
		7F3510802BDF4E5300250F7C /* Release */ = {
			isa = XCBuildConfiguration;
			buildSettings = {
				ASSETCATALOG_COMPILER_APPICON_NAME = AppIcon;
				ASSETCATALOG_COMPILER_GLOBAL_ACCENT_COLOR_NAME = AccentColor;
				CODE_SIGN_ENTITLEMENTS = "Step Tracker/Step Tracker.entitlements";
				CODE_SIGN_STYLE = Automatic;
				CURRENT_PROJECT_VERSION = 1;
				DEVELOPMENT_ASSET_PATHS = "\"Step Tracker/Preview Content\"";
				DEVELOPMENT_TEAM = KZ5KPDJ22P;
				ENABLE_PREVIEWS = YES;
				GENERATE_INFOPLIST_FILE = YES;
				INFOPLIST_KEY_NSHealthShareUsageDescription = "The app shows your step and weight data in an interactive chart.";
				INFOPLIST_KEY_NSHealthUpdateUsageDescription = "The app allows you to add step and weight data to Apple Health.";
				INFOPLIST_KEY_UIApplicationSceneManifest_Generation = YES;
				INFOPLIST_KEY_UIApplicationSupportsIndirectInputEvents = YES;
				INFOPLIST_KEY_UILaunchScreen_Generation = YES;
				INFOPLIST_KEY_UISupportedInterfaceOrientations_iPad = "UIInterfaceOrientationPortrait UIInterfaceOrientationPortraitUpsideDown UIInterfaceOrientationLandscapeLeft UIInterfaceOrientationLandscapeRight";
				INFOPLIST_KEY_UISupportedInterfaceOrientations_iPhone = "UIInterfaceOrientationPortrait UIInterfaceOrientationLandscapeLeft UIInterfaceOrientationLandscapeRight";
				LD_RUNPATH_SEARCH_PATHS = (
					"$(inherited)",
					"@executable_path/Frameworks",
				);
				MARKETING_VERSION = 1.0.0;
				PRODUCT_BUNDLE_IDENTIFIER = "com.rramirez.tutorial.StepTracker.Step-Tracker";
				PRODUCT_NAME = "$(TARGET_NAME)";
				SWIFT_EMIT_LOC_STRINGS = YES;
				SWIFT_VERSION = 5.0;
				TARGETED_DEVICE_FAMILY = "1,2";
			};
			name = Release;
		};
/* End XCBuildConfiguration section */

/* Begin XCConfigurationList section */
		7F35106B2BDF4E5200250F7C /* Build configuration list for PBXProject "Step Tracker" */ = {
			isa = XCConfigurationList;
			buildConfigurations = (
				7F35107C2BDF4E5300250F7C /* Debug */,
				7F35107D2BDF4E5300250F7C /* Release */,
			);
			defaultConfigurationIsVisible = 0;
			defaultConfigurationName = Release;
		};
		7F35107E2BDF4E5300250F7C /* Build configuration list for PBXNativeTarget "Step Tracker" */ = {
			isa = XCConfigurationList;
			buildConfigurations = (
				7F35107F2BDF4E5300250F7C /* Debug */,
				7F3510802BDF4E5300250F7C /* Release */,
			);
			defaultConfigurationIsVisible = 0;
			defaultConfigurationName = Release;
		};
/* End XCConfigurationList section */

/* Begin XCRemoteSwiftPackageReference section */
		7F3BB2342BF02AB000EE5BA7 /* XCRemoteSwiftPackageReference "swift-algorithms" */ = {
			isa = XCRemoteSwiftPackageReference;
			repositoryURL = "https://github.com/apple/swift-algorithms.git";
			requirement = {
				kind = upToNextMajorVersion;
				minimumVersion = 1.2.0;
			};
		};
/* End XCRemoteSwiftPackageReference section */

/* Begin XCSwiftPackageProductDependency section */
		7F3BB2352BF02AB000EE5BA7 /* Algorithms */ = {
			isa = XCSwiftPackageProductDependency;
			package = 7F3BB2342BF02AB000EE5BA7 /* XCRemoteSwiftPackageReference "swift-algorithms" */;
			productName = Algorithms;
		};
/* End XCSwiftPackageProductDependency section */
	};
	rootObject = 7F3510682BDF4E5200250F7C /* Project object */;
}
